
Microsoft Visual Studio Solution File, Format Version 12.00
# Visual Studio 2013
VisualStudioVersion = 12.0.21005.1
MinimumVisualStudioVersion = 10.0.40219.1
Project("{FAE04EC0-301F-11D3-BF4B-00C04F79EFBC}") = "WebSocket_kylin", "WebSocket_kylin\WebSocket_kylin.csproj", "{B33D2F95-FCE4-4C90-B527-9331ABADF020}"
EndProject
Global
	GlobalSection(SolutionConfigurationPlatforms) = preSolution
		Debug|Any CPU = Debug|Any CPU
		Release|Any CPU = Release|Any CPU
	EndGlobalSection
	GlobalSection(ProjectConfigurationPlatforms) = postSolution
		{B33D2F95-FCE4-4C90-B527-9331ABADF020}.Debug|Any CPU.ActiveCfg = Debug|Any CPU
		{B33D2F95-FCE4-4C90-B527-9331ABADF020}.Debug|Any CPU.Build.0 = Debug|Any CPU
		{B33D2F95-FCE4-4C90-B527-9331ABADF020}.Release|Any CPU.ActiveCfg = Release|Any CPU
		{B33D2F95-FCE4-4C90-B527-9331ABADF020}.Release|Any CPU.Build.0 = Release|Any CPU
	EndGlobalSection
	GlobalSection(SolutionProperties) = preSolution
		HideSolutionNode = FALSE
	EndGlobalSection
EndGlobal
